
Microsoft Visual Studio Solution File, Format Version 12.00
# Visual Studio Version 16
VisualStudioVersion = 16.0.30717.126
MinimumVisualStudioVersion = 10.0.40219.1
Project("{FAE04EC0-301F-11D3-BF4B-00C04F79EFBC}") = "ViberBot", "ViberBot\ViberBot.csproj", "{E2CD72E4-7231-4FD7-94DD-8F99E534DD07}"
EndProject
Global
	GlobalSection(SolutionConfigurationPlatforms) = preSolution
		Debug|Any CPU = Debug|Any CPU
		Release|Any CPU = Release|Any CPU
	EndGlobalSection
	GlobalSection(ProjectConfigurationPlatforms) = postSolution
		{E2CD72E4-7231-4FD7-94DD-8F99E534DD07}.Debug|Any CPU.ActiveCfg = Debug|Any CPU
		{E2CD72E4-7231-4FD7-94DD-8F99E534DD07}.Debug|Any CPU.Build.0 = Debug|Any CPU
		{E2CD72E4-7231-4FD7-94DD-8F99E534DD07}.Release|Any CPU.ActiveCfg = Release|Any CPU
		{E2CD72E4-7231-4FD7-94DD-8F99E534DD07}.Release|Any CPU.Build.0 = Release|Any CPU
	EndGlobalSection
	GlobalSection(SolutionProperties) = preSolution
		HideSolutionNode = FALSE
	EndGlobalSection
	GlobalSection(ExtensibilityGlobals) = postSolution
		SolutionGuid = {0A8D02DD-89B8-49E4-9421-AD4B21B4C9E5}
	EndGlobalSection
EndGlobal
